
Microsoft Visual Studio Solution File, Format Version 12.00
# Visual Studio 15
VisualStudioVersion = 15.0.27130.2024
MinimumVisualStudioVersion = 10.0.40219.1
Project("{FAE04EC0-301F-11D3-BF4B-00C04F79EFBC}") = "ParallelComputing", "ParallelComputing\ParallelComputing.csproj", "{F65956B9-0C07-4563-B308-E41C10A3DCBE}"
EndProject
Global
	GlobalSection(SolutionConfigurationPlatforms) = preSolution
		Debug|Any CPU = Debug|Any CPU
		Release|Any CPU = Release|Any CPU
	EndGlobalSection
	GlobalSection(ProjectConfigurationPlatforms) = postSolution
		{F65956B9-0C07-4563-B308-E41C10A3DCBE}.Debug|Any CPU.ActiveCfg = Debug|Any CPU
		{F65956B9-0C07-4563-B308-E41C10A3DCBE}.Debug|Any CPU.Build.0 = Debug|Any CPU
		{F65956B9-0C07-4563-B308-E41C10A3DCBE}.Release|Any CPU.ActiveCfg = Release|Any CPU
		{F65956B9-0C07-4563-B308-E41C10A3DCBE}.Release|Any CPU.Build.0 = Release|Any CPU
	EndGlobalSection
	GlobalSection(SolutionProperties) = preSolution
		HideSolutionNode = FALSE
	EndGlobalSection
	GlobalSection(ExtensibilityGlobals) = postSolution
		SolutionGuid = {0457BA0D-7212-436B-AE36-C20534A133DB}
	EndGlobalSection
EndGlobal
